{
  "name": "graphql-demo",
  "version": "1.0.0",
  "lockfileVersion": 1,
  "requires": true,
  "dependencies": {
    "@apollo/protobufjs": {
      "version": "1.2.2",
      "resolved": "https://npm.corp.kuaishou.com/@apollo%2fprotobufjs/-/protobufjs-1.2.2.tgz",
      "integrity": "sha1-S9ks13Acyu9tUXzbda8nVfBJ+Hw=",
      "requires": {
        "@protobufjs/aspromise": "^1.1.2",
        "@protobufjs/base64": "^1.1.2",
        "@protobufjs/codegen": "^2.0.4",
        "@protobufjs/eventemitter": "^1.1.0",
        "@protobufjs/fetch": "^1.1.0",
        "@protobufjs/float": "^1.0.2",
        "@protobufjs/inquire": "^1.1.0",
        "@protobufjs/path": "^1.1.2",
        "@protobufjs/pool": "^1.1.0",
        "@protobufjs/utf8": "^1.1.0",
        "@types/long": "^4.0.0",
        "@types/node": "^10.1.0",
        "long": "^4.0.0"
      },
      "dependencies": {
        "@types/node": {
          "version": "10.17.60",
          "resolved": "https://npm.corp.kuaishou.com/@types%2fnode/-/node-10.17.60.tgz",
          "integrity": "sha1-NfPWIT2u2V2n8Pc+dbzGmA6QWXs="
        }
      }
    },
    "@apollographql/apollo-tools": {
      "version": "0.5.2",
      "resolved": "https://npm.corp.kuaishou.com/@apollographql%2fapollo-tools/-/apollo-tools-0.5.2.tgz",
      "integrity": "sha1-AXUKZVcxoZjDY07oGcRjJUp8d2c="
    },
    "@apollographql/graphql-playground-html": {
      "version": "1.6.29",
      "resolved": "https://npm.corp.kuaishou.com/@apollographql%2fgraphql-playground-html/-/graphql-playground-html-1.6.29.tgz",
      "integrity": "sha1-p6ZGYUolX2LhDc9kp/aOrUHexFM=",
      "requires": {
        "xss": "^1.0.8"
      }
    },
    "@graphql-tools/merge": {
      "version": "8.2.1",
      "resolved": "https://npm.corp.kuaishou.com/@graphql-tools%2fmerge/-/merge-8.2.1.tgz",
      "integrity": "sha1-v4OqBqDPxqg55SpYBXqESY0NUf8=",
      "requires": {
        "@graphql-tools/utils": "^8.5.1",
        "tslib": "~2.3.0"
      }
    },
    "@graphql-tools/mock": {
      "version": "8.4.2",
      "resolved": "https://npm.corp.kuaishou.com/@graphql-tools%2fmock/-/mock-8.4.2.tgz",
      "integrity": "sha1-MBuLr0dYi/HNh95K0hMOufQGeBs=",
      "requires": {
        "@graphql-tools/schema": "^8.3.1",
        "@graphql-tools/utils": "^8.5.1",
        "fast-json-stable-stringify": "^2.1.0",
        "tslib": "~2.3.0"
      }
    },
    "@graphql-tools/schema": {
      "version": "8.3.1",
      "resolved": "https://npm.corp.kuaishou.com/@graphql-tools%2fschema/-/schema-8.3.1.tgz",
      "integrity": "sha1-HunaSU0tpFdkOzyTUCuUw8S2jHQ=",
      "requires": {
        "@graphql-tools/merge": "^8.2.1",
        "@graphql-tools/utils": "^8.5.1",
        "tslib": "~2.3.0",
        "value-or-promise": "1.0.11"
      }
    },
    "@graphql-tools/utils": {
      "version": "8.5.2",
      "resolved": "https://npm.corp.kuaishou.com/@graphql-tools%2futils/-/utils-8.5.2.tgz",
      "integrity": "sha1-+nddksGSN/ZIEF99Su7rY7o9JX8=",
      "requires": {
        "tslib": "~2.3.0"
      }
    },
    "@josephg/resolvable": {
      "version": "1.0.1",
      "resolved": "https://npm.corp.kuaishou.com/@josephg%2fresolvable/-/resolvable-1.0.1.tgz",
      "integrity": "sha1-abxNt1TXnhovF6ZQ00ZuA42Upes="
    },
    "@koa/cors": {
      "version": "3.1.0",
      "resolved": "https://npm.corp.kuaishou.com/@koa%2fcors/-/cors-3.1.0.tgz",
      "integrity": "sha1-YYuwc0OM/b0+vQ5kinbjO4Tzo7I=",
      "requires": {
        "vary": "^1.1.2"
      }
    },
    "@protobufjs/aspromise": {
      "version": "1.1.2",
      "resolved": "https://npm.corp.kuaishou.com/@protobufjs%2faspromise/-/aspromise-1.1.2.tgz",
      "integrity": "sha1-m4sMxmPWaafY9vXQiToU00jzD78="
    },
    "@protobufjs/base64": {
      "version": "1.1.2",
      "resolved": "https://npm.corp.kuaishou.com/@protobufjs%2fbase64/-/base64-1.1.2.tgz",
      "integrity": "sha1-TIVzDlm5ofHzSQR9vyQpYDS7JzU="
    },
    "@protobufjs/codegen": {
      "version": "2.0.4",
      "resolved": "https://npm.corp.kuaishou.com/@protobufjs%2fcodegen/-/codegen-2.0.4.tgz",
      "integrity": "sha1-fvN/DQEPsCitGtWXIuUG2SYoFcs="
    },
    "@protobufjs/eventemitter": {
      "version": "1.1.0",
      "resolved": "https://npm.corp.kuaishou.com/@protobufjs%2feventemitter/-/eventemitter-1.1.0.tgz",
      "integrity": "sha1-NVy8mLr61ZePntCV85diHx0Ga3A="
    },
    "@protobufjs/fetch": {
      "version": "1.1.0",
      "resolved": "https://npm.corp.kuaishou.com/@protobufjs%2ffetch/-/fetch-1.1.0.tgz",
      "integrity": "sha1-upn7WYYUr2VwDBYZ/wbUVLDYTEU=",
      "requires": {
        "@protobufjs/aspromise": "^1.1.1",
        "@protobufjs/inquire": "^1.1.0"
      }
    },
    "@protobufjs/float": {
      "version": "1.0.2",
      "resolved": "https://npm.corp.kuaishou.com/@protobufjs%2ffloat/-/float-1.0.2.tgz",
      "integrity": "sha1-Xp4avctz/Ap8uLKR33jIy9l7h9E="
    },
    "@protobufjs/inquire": {
      "version": "1.1.0",
      "resolved": "https://npm.corp.kuaishou.com/@protobufjs%2finquire/-/inquire-1.1.0.tgz",
      "integrity": "sha1-/yAOPnzyQp4tyvwRQIKOjMY48Ik="
    },
    "@protobufjs/path": {
      "version": "1.1.2",
      "resolved": "https://npm.corp.kuaishou.com/@protobufjs%2fpath/-/path-1.1.2.tgz",
      "integrity": "sha1-bMKyDFya1q0NzP0hynZz2Nf79o0="
    },
    "@protobufjs/pool": {
      "version": "1.1.0",
      "resolved": "https://npm.corp.kuaishou.com/@protobufjs%2fpool/-/pool-1.1.0.tgz",
      "integrity": "sha1-Cf0V8tbTq/qbZbw2ZQbWrXhG/1Q="
    },
    "@protobufjs/utf8": {
      "version": "1.1.0",
      "resolved": "https://npm.corp.kuaishou.com/@protobufjs%2futf8/-/utf8-1.1.0.tgz",
      "integrity": "sha1-p3c2C1s5oaLlEG+OhY8v0tBgxXA="
    },
    "@types/accepts": {
      "version": "1.3.5",
      "resolved": "https://npm.corp.kuaishou.com/@types%2faccepts/-/accepts-1.3.5.tgz",
      "integrity": "sha1-w0vsEVz8dG4E/loFnfTOfns5FXU=",
      "requires": {
        "@types/node": "*"
      }
    },
    "@types/body-parser": {
      "version": "1.19.1",
      "resolved": "https://npm.corp.kuaishou.com/@types%2fbody-parser/-/body-parser-1.19.1.tgz",
      "integrity": "sha1-DAF0xCp9AXuBgwPUtdlpywt1kpw=",
      "requires": {
        "@types/connect": "*",
        "@types/node": "*"
      }
    },
    "@types/connect": {
      "version": "3.4.35",
      "resolved": "https://npm.corp.kuaishou.com/@types%2fconnect/-/connect-3.4.35.tgz",
      "integrity": "sha1-X89q5EXkAh0fwiGaSHPMc6O7KtE=",
      "requires": {
        "@types/node": "*"
      }
    },
    "@types/content-disposition": {
      "version": "0.5.4",
      "resolved": "https://npm.corp.kuaishou.com/@types%2fcontent-disposition/-/content-disposition-0.5.4.tgz",
      "integrity": "sha1-3kjPAcecnxVgvP2K5DIXqwKGV/g="
    },
    "@types/cookies": {
      "version": "0.7.7",
      "resolved": "https://npm.corp.kuaishou.com/@types%2fcookies/-/cookies-0.7.7.tgz",
      "integrity": "sha1-epJFPR0WOJwFpTAe71ZvNJRs/YE=",
      "requires": {
        "@types/connect": "*",
        "@types/express": "*",
        "@types/keygrip": "*",
        "@types/node": "*"
      }
    },
    "@types/express": {
      "version": "4.17.13",
      "resolved": "https://npm.corp.kuaishou.com/@types%2fexpress/-/express-4.17.13.tgz",
      "integrity": "sha1-p24plXKJmbq1GjP6vOHXBaNwkDQ=",
      "requires": {
        "@types/body-parser": "*",
        "@types/express-serve-static-core": "^4.17.18",
        "@types/qs": "*",
        "@types/serve-static": "*"
      }
    },
    "@types/express-serve-static-core": {
      "version": "4.17.24",
      "resolved": "https://npm.corp.kuaishou.com/@types%2fexpress-serve-static-core/-/express-serve-static-core-4.17.24.tgz",
      "integrity": "sha1-6kH5O/fg1ZzVp2ZlBo7WqraBXAc=",
      "requires": {
        "@types/node": "*",
        "@types/qs": "*",
        "@types/range-parser": "*"
      }
    },
    "@types/http-assert": {
      "version": "1.5.3",
      "resolved": "https://npm.corp.kuaishou.com/@types%2fhttp-assert/-/http-assert-1.5.3.tgz",
      "integrity": "sha1-7449Go1Gw4fwSrDy6KuMsMUHhmE="
    },
    "@types/http-errors": {
      "version": "1.8.1",
      "resolved": "https://npm.corp.kuaishou.com/@types%2fhttp-errors/-/http-errors-1.8.1.tgz",
      "integrity": "sha1-6BrSimC+4DKMbSOE4Cmuxibxrmc="
    },
    "@types/keygrip": {
      "version": "1.0.2",
      "resolved": "https://npm.corp.kuaishou.com/@types%2fkeygrip/-/keygrip-1.0.2.tgz",
      "integrity": "sha1-UTq/0lbXrQvx7hhzYGMXszsbKnI="
    },
    "@types/koa": {
      "version": "2.13.4",
      "resolved": "https://npm.corp.kuaishou.com/@types%2fkoa/-/koa-2.13.4.tgz",
      "integrity": "sha1-EGILPySoAn71y66Is5PRsxIFcms=",
      "requires": {
        "@types/accepts": "*",
        "@types/content-disposition": "*",
        "@types/cookies": "*",
        "@types/http-assert": "*",
        "@types/http-errors": "*",
        "@types/keygrip": "*",
        "@types/koa-compose": "*",
        "@types/node": "*"
      }
    },
    "@types/koa-bodyparser": {
      "version": "4.3.3",
      "resolved": "https://npm.corp.kuaishou.com/@types%2fkoa-bodyparser/-/koa-bodyparser-4.3.3.tgz",
      "integrity": "sha1-nH1ClVdryGPVUAAvcy8cV92IzFg=",
      "requires": {
        "@types/koa": "*"
      }
    },
    "@types/koa-compose": {
      "version": "3.2.5",
      "resolved": "https://npm.corp.kuaishou.com/@types%2fkoa-compose/-/koa-compose-3.2.5.tgz",
      "integrity": "sha1-hesugKxQvpXzfM+MQHwJu+NGjp0=",
      "requires": {
        "@types/koa": "*"
      }
    },
    "@types/koa__cors": {
      "version": "3.0.3",
      "resolved": "https://npm.corp.kuaishou.com/@types%2fkoa__cors/-/koa__cors-3.0.3.tgz",
      "integrity": "sha1-SddYE7RDuj1Noo6mz2JEt+maOyM=",
      "requires": {
        "@types/koa": "*"
      }
    },
    "@types/long": {
      "version": "4.0.1",
      "resolved": "https://npm.corp.kuaishou.com/@types%2flong/-/long-4.0.1.tgz",
      "integrity": "sha1-RZxl+hhn2v5qjzIsTFFpVmPMVek="
    },
    "@types/mime": {
      "version": "1.3.2",
      "resolved": "https://npm.corp.kuaishou.com/@types%2fmime/-/mime-1.3.2.tgz",
      "integrity": "sha1-k+Jb+e51/g/YC1lLxP6w6GIRG1o="
    },
    "@types/node": {
      "version": "16.11.6",
      "resolved": "https://npm.corp.kuaishou.com/@types%2fnode/-/node-16.11.6.tgz",
      "integrity": "sha1-a+96KgrWhM9ukPz+Mc7KvZzgo64="
    },
    "@types/qs": {
      "version": "6.9.7",
      "resolved": "https://npm.corp.kuaishou.com/@types%2fqs/-/qs-6.9.7.tgz",
      "integrity": "sha1-Y7t9Bn2xB8weRXwwO8JdUR/r9ss="
    },
    "@types/range-parser": {
      "version": "1.2.4",
      "resolved": "https://npm.corp.kuaishou.com/@types%2frange-parser/-/range-parser-1.2.4.tgz",
      "integrity": "sha1-zWZ7z90CUhOq+3ylkVqTJZCs3Nw="
    },
    "@types/serve-static": {
      "version": "1.13.10",
      "resolved": "https://npm.corp.kuaishou.com/@types%2fserve-static/-/serve-static-1.13.10.tgz",
      "integrity": "sha1-9eDOh5fS18xevtpIpSyWxPpHqNk=",
      "requires": {
        "@types/mime": "^1",
        "@types/node": "*"
      }
    },
    "accepts": {
      "version": "1.3.7",
      "resolved": "https://npm.corp.kuaishou.com/accepts/-/accepts-1.3.7.tgz",
      "integrity": "sha1-UxvHJlF6OytB+FACHGzBXqq1B80=",
      "requires": {
        "mime-types": "~2.1.24",
        "negotiator": "0.6.2"
      }
    },
    "apollo-datasource": {
      "version": "3.2.0",
      "resolved": "https://npm.corp.kuaishou.com/apollo-datasource/-/apollo-datasource-3.2.0.tgz",
      "integrity": "sha1-/i+6rnvg7hDer6XD8xcy42ilZKE=",
      "requires": {
        "apollo-server-caching": "^3.2.0",
        "apollo-server-env": "^4.1.0"
      }
    },
    "apollo-graphql": {
      "version": "0.9.5",
      "resolved": "https://npm.corp.kuaishou.com/apollo-graphql/-/apollo-graphql-0.9.5.tgz",
      "integrity": "sha1-kRNIPKf3+knunpopnEXTCxzzv2E=",
      "requires": {
        "core-js-pure": "^3.10.2",
        "lodash.sortby": "^4.7.0",
        "sha.js": "^2.4.11"
      }
    },
    "apollo-reporting-protobuf": {
      "version": "3.1.0",
      "resolved": "https://npm.corp.kuaishou.com/apollo-reporting-protobuf/-/apollo-reporting-protobuf-3.1.0.tgz",
      "integrity": "sha1-b1UBxYJwsVeDTyCDZovHTw5NYQQ=",
      "requires": {
        "@apollo/protobufjs": "1.2.2"
      }
    },
    "apollo-server-caching": {
      "version": "3.2.0",
      "resolved": "https://npm.corp.kuaishou.com/apollo-server-caching/-/apollo-server-caching-3.2.0.tgz",
      "integrity": "sha1-NovDKIz8LauN6QDQRdvWbPRX8/M=",
      "requires": {
        "lru-cache": "^6.0.0"
      }
    },
    "apollo-server-core": {
      "version": "3.4.0",
      "resolved": "https://npm.corp.kuaishou.com/apollo-server-core/-/apollo-server-core-3.4.0.tgz",
      "integrity": "sha1-p6SSUiEyRyNhzV/3xvwyrvNzhbU=",
      "requires": {
        "@apollographql/apollo-tools": "^0.5.1",
        "@apollographql/graphql-playground-html": "1.6.29",
        "@graphql-tools/mock": "^8.1.2",
        "@graphql-tools/schema": "^8.0.0",
        "@graphql-tools/utils": "^8.0.0",
        "@josephg/resolvable": "^1.0.0",
        "apollo-datasource": "^3.2.0",
        "apollo-graphql": "^0.9.0",
        "apollo-reporting-protobuf": "^3.1.0",
        "apollo-server-caching": "^3.2.0",
        "apollo-server-env": "^4.1.0",
        "apollo-server-errors": "^3.2.0",
        "apollo-server-plugin-base": "^3.3.0",
        "apollo-server-types": "^3.3.0",
        "async-retry": "^1.2.1",
        "fast-json-stable-stringify": "^2.1.0",
        "graphql-tag": "^2.11.0",
        "loglevel": "^1.6.8",
        "lru-cache": "^6.0.0",
        "sha.js": "^2.4.11",
        "uuid": "^8.0.0"
      }
    },
    "apollo-server-env": {
      "version": "4.1.0",
      "resolved": "https://npm.corp.kuaishou.com/apollo-server-env/-/apollo-server-env-4.1.0.tgz",
      "integrity": "sha1-ILaSFth7TnMWayjSZ15ygjZV/nU=",
      "requires": {
        "node-fetch": "^2.6.1"
      }
    },
    "apollo-server-errors": {
      "version": "3.2.0",
      "resolved": "https://npm.corp.kuaishou.com/apollo-server-errors/-/apollo-server-errors-3.2.0.tgz",
      "integrity": "sha1-bFBREHsHPAm7VcJVSHivDpfVnQg="
    },
    "apollo-server-koa": {
      "version": "3.4.0",
      "resolved": "https://npm.corp.kuaishou.com/apollo-server-koa/-/apollo-server-koa-3.4.0.tgz",
      "integrity": "sha1-lO52qRg+i2xMXlwztMf/ZGjQHJY=",
      "requires": {
        "@koa/cors": "^3.1.0",
        "@types/accepts": "^1.3.5",
        "@types/koa": "^2.11.6",
        "@types/koa-bodyparser": "^4.3.0",
        "@types/koa-compose": "^3.2.5",
        "@types/koa__cors": "^3.0.1",
        "accepts": "^1.3.7",
        "apollo-server-core": "^3.4.0",
        "apollo-server-types": "^3.3.0",
        "koa-bodyparser": "^4.3.0",
        "koa-compose": "^4.1.0"
      }
    },
    "apollo-server-plugin-base": {
      "version": "3.3.0",
      "resolved": "https://npm.corp.kuaishou.com/apollo-server-plugin-base/-/apollo-server-plugin-base-3.3.0.tgz",
      "integrity": "sha1-dhXMdjhIwzCZ7UrI3VE0+/lN+Xw=",
      "requires": {
        "apollo-server-types": "^3.3.0"
      }
    },
    "apollo-server-types": {
      "version": "3.3.0",
      "resolved": "https://npm.corp.kuaishou.com/apollo-server-types/-/apollo-server-types-3.3.0.tgz",
      "integrity": "sha1-IESOLIjiBFdkpf6Cq2YGnnnEqDQ=",
      "requires": {
        "apollo-reporting-protobuf": "^3.1.0",
        "apollo-server-caching": "^3.2.0",
        "apollo-server-env": "^4.1.0"
      }
    },
    "async-retry": {
      "version": "1.3.3",
      "resolved": "https://npm.corp.kuaishou.com/async-retry/-/async-retry-1.3.3.tgz",
      "integrity": "sha1-Dn82wE2EeOeli9vtgM7fl3eF8oA=",
      "requires": {
        "retry": "0.13.1"
      }
    },
    "bytes": {
      "version": "3.1.0",
      "resolved": "https://npm.corp.kuaishou.com/bytes/-/bytes-3.1.0.tgz",
      "integrity": "sha1-9s95M6Ng4FiPqf3oVlHNx/gF0fY="
    },
    "cache-content-type": {
      "version": "1.0.1",
      "resolved": "https://npm.corp.kuaishou.com/cache-content-type/-/cache-content-type-1.0.1.tgz",
      "integrity": "sha1-A1zeKwjuISn0qDFeqPAKANuhRTw=",
      "requires": {
        "mime-types": "^2.1.18",
        "ylru": "^1.2.0"
      }
    },
    "call-bind": {
      "version": "1.0.2",
      "resolved": "https://npm.corp.kuaishou.com/call-bind/-/call-bind-1.0.2.tgz",
      "integrity": "sha1-sdTonmiBGcPJqQOtMKuy9qkZvjw=",
      "requires": {
        "function-bind": "^1.1.1",
        "get-intrinsic": "^1.0.2"
      }
    },
    "co": {
      "version": "4.6.0",
      "resolved": "https://npm.corp.kuaishou.com/co/-/co-4.6.0.tgz",
      "integrity": "sha1-bqa989hTrlTMuOR7+gvz+QMfsYQ="
    },
    "co-body": {
      "version": "6.1.0",
      "resolved": "https://npm.corp.kuaishou.com/co-body/-/co-body-6.1.0.tgz",
      "integrity": "sha1-2HqO/DVk+b/jrO2O9c0Ex6h2ZUc=",
      "requires": {
        "inflation": "^2.0.0",
        "qs": "^6.5.2",
        "raw-body": "^2.3.3",
        "type-is": "^1.6.16"
      }
    },
    "commander": {
      "version": "2.20.3",
      "resolved": "https://npm.corp.kuaishou.com/commander/-/commander-2.20.3.tgz",
      "integrity": "sha1-/UhehMA+tIgcIHIrpIA16FMa6zM="
    },
    "content-disposition": {
      "version": "0.5.3",
      "resolved": "https://npm.corp.kuaishou.com/content-disposition/-/content-disposition-0.5.3.tgz",
      "integrity": "sha1-4TDK9+cnkIfFYWwgB9BIVpiYT70=",
      "requires": {
        "safe-buffer": "5.1.2"
      },
      "dependencies": {
        "safe-buffer": {
          "version": "5.1.2",
          "resolved": "https://npm.corp.kuaishou.com/safe-buffer/-/safe-buffer-5.1.2.tgz",
          "integrity": "sha1-mR7GnSluAxN0fVm9/St0XDX4go0="
        }
      }
    },
    "content-type": {
      "version": "1.0.4",
      "resolved": "https://npm.corp.kuaishou.com/content-type/-/content-type-1.0.4.tgz",
      "integrity": "sha1-4TjMdeBAxyexlm/l5fjJruJW/js="
    },
    "cookies": {
      "version": "0.8.0",
      "resolved": "https://npm.corp.kuaishou.com/cookies/-/cookies-0.8.0.tgz",
      "integrity": "sha1-EpPOSzkXQKhAbjyYcOgoxLVPP5A=",
      "requires": {
        "depd": "~2.0.0",
        "keygrip": "~1.1.0"
      },
      "dependencies": {
        "depd": {
          "version": "2.0.0",
          "resolved": "https://npm.corp.kuaishou.com/depd/-/depd-2.0.0.tgz",
          "integrity": "sha1-tpYWPMdXVg0JzyLMj60Vcbeedt8="
        }
      }
    },
    "copy-to": {
      "version": "2.0.1",
      "resolved": "https://npm.corp.kuaishou.com/copy-to/-/copy-to-2.0.1.tgz",
      "integrity": "sha1-JoD7uAaKSNCGVrYJgJK9r8kG9KU="
    },
    "core-js-pure": {
      "version": "3.19.1",
      "resolved": "https://npm.corp.kuaishou.com/core-js-pure/-/core-js-pure-3.19.1.tgz",
      "integrity": "sha1-7f/B/HY0AApVugXpWz8P6Vh6WqQ="
    },
    "cssfilter": {
      "version": "0.0.10",
      "resolved": "https://npm.corp.kuaishou.com/cssfilter/-/cssfilter-0.0.10.tgz",
      "integrity": "sha1-xtJnJjKi5cg+AT5oZKQs6N79IK4="
    },
    "debug": {
      "version": "4.3.2",
      "resolved": "https://npm.corp.kuaishou.com/debug/-/debug-4.3.2.tgz",
      "integrity": "sha1-8KScGKyHeeMdSgxgKd+3aHPHQos=",
      "requires": {
        "ms": "2.1.2"
      }
    },
    "deep-equal": {
      "version": "1.0.1",
      "resolved": "https://npm.corp.kuaishou.com/deep-equal/-/deep-equal-1.0.1.tgz",
      "integrity": "sha1-9dJgKStmDghO/0zbyfCK0yR0SLU="
    },
    "delegates": {
      "version": "1.0.0",
      "resolved": "https://npm.corp.kuaishou.com/delegates/-/delegates-1.0.0.tgz",
      "integrity": "sha1-hMbhWbgZBP3KWaDvRM2HDTElD5o="
    },
    "depd": {
      "version": "1.1.2",
      "resolved": "https://npm.corp.kuaishou.com/depd/-/depd-1.1.2.tgz",
      "integrity": "sha1-m81S4UwJd2PnSbJ0xDRu0uVgtak="
    },
    "destroy": {
      "version": "1.0.4",
      "resolved": "https://npm.corp.kuaishou.com/destroy/-/destroy-1.0.4.tgz",
      "integrity": "sha1-l4hXRCxEdJ5CBmE+N5RiBYJqvYA="
    },
    "ee-first": {
      "version": "1.1.1",
      "resolved": "https://npm.corp.kuaishou.com/ee-first/-/ee-first-1.1.1.tgz",
      "integrity": "sha1-WQxhFWsK4vTwJVcyoViyZrxWsh0="
    },
    "encodeurl": {
      "version": "1.0.2",
      "resolved": "https://npm.corp.kuaishou.com/encodeurl/-/encodeurl-1.0.2.tgz",
      "integrity": "sha1-rT/0yG7C0CkyL1oCw6mmBslbP1k="
    },
    "escape-html": {
      "version": "1.0.3",
      "resolved": "https://npm.corp.kuaishou.com/escape-html/-/escape-html-1.0.3.tgz",
      "integrity": "sha1-Aljq5NPQwJdN4cFpGI7wBR0dGYg="
    },
    "fast-json-stable-stringify": {
      "version": "2.1.0",
      "resolved": "https://npm.corp.kuaishou.com/fast-json-stable-stringify/-/fast-json-stable-stringify-2.1.0.tgz",
      "integrity": "sha1-h0v2nG9ATCtdmcSBNBOZ/VWJJjM="
    },
    "fresh": {
      "version": "0.5.2",
      "resolved": "https://npm.corp.kuaishou.com/fresh/-/fresh-0.5.2.tgz",
      "integrity": "sha1-PYyt2Q2XZWn6g1qx+OSyOhBWBac="
    },
    "function-bind": {
      "version": "1.1.1",
      "resolved": "https://npm.corp.kuaishou.com/function-bind/-/function-bind-1.1.1.tgz",
      "integrity": "sha1-pWiZ0+o8m6uHS7l3O3xe3pL0iV0="
    },
    "get-intrinsic": {
      "version": "1.1.1",
      "resolved": "https://npm.corp.kuaishou.com/get-intrinsic/-/get-intrinsic-1.1.1.tgz",
      "integrity": "sha1-FfWfN2+FXERpY5SPDSTNNje0q8Y=",
      "requires": {
        "function-bind": "^1.1.1",
        "has": "^1.0.3",
        "has-symbols": "^1.0.1"
      }
    },
    "graphql": {
      "version": "16.0.1",
      "resolved": "https://npm.corp.kuaishou.com/graphql/-/graphql-16.0.1.tgz",
      "integrity": "sha1-k6E81ODjjKjQgy55YUyFeL/TTxA="
    },
    "graphql-tag": {
      "version": "2.12.5",
      "resolved": "https://npm.corp.kuaishou.com/graphql-tag/-/graphql-tag-2.12.5.tgz",
      "integrity": "sha1-XP+XSme0F3R9BcjZ9fPLRJXQ248=",
      "requires": {
        "tslib": "^2.1.0"
      }
    },
    "has": {
      "version": "1.0.3",
      "resolved": "https://npm.corp.kuaishou.com/has/-/has-1.0.3.tgz",
      "integrity": "sha1-ci18v8H2qoJB8W3YFOAR4fQeh5Y=",
      "requires": {
        "function-bind": "^1.1.1"
      }
    },
    "has-symbols": {
      "version": "1.0.2",
      "resolved": "https://npm.corp.kuaishou.com/has-symbols/-/has-symbols-1.0.2.tgz",
      "integrity": "sha1-Fl0wcMADCXUqEjakeTMeOsVvFCM="
    },
    "has-tostringtag": {
      "version": "1.0.0",
      "resolved": "https://npm.corp.kuaishou.com/has-tostringtag/-/has-tostringtag-1.0.0.tgz",
      "integrity": "sha1-fhM4GKfTlHNPlB5zw9P5KR5liyU=",
      "requires": {
        "has-symbols": "^1.0.2"
      }
    },
    "http-assert": {
      "version": "1.5.0",
      "resolved": "https://npm.corp.kuaishou.com/http-assert/-/http-assert-1.5.0.tgz",
      "integrity": "sha1-w4nM2HrBbtLfpiRv1zuSaqAOa48=",
      "requires": {
        "deep-equal": "~1.0.1",
        "http-errors": "~1.8.0"
      },
      "dependencies": {
        "http-errors": {
          "version": "1.8.0",
          "resolved": "https://npm.corp.kuaishou.com/http-errors/-/http-errors-1.8.0.tgz",
          "integrity": "sha1-ddG75JfhBE9R5O6ecEpi8o0zZQc=",
          "requires": {
            "depd": "~1.1.2",
            "inherits": "2.0.4",
            "setprototypeof": "1.2.0",
            "statuses": ">= 1.5.0 < 2",
            "toidentifier": "1.0.0"
          }
        },
        "setprototypeof": {
          "version": "1.2.0",
          "resolved": "https://npm.corp.kuaishou.com/setprototypeof/-/setprototypeof-1.2.0.tgz",
          "integrity": "sha1-ZsmiSnP5/CjL5msJ/tPTPcrxtCQ="
        }
      }
    },
    "http-errors": {
      "version": "1.7.3",
      "resolved": "https://npm.corp.kuaishou.com/http-errors/-/http-errors-1.7.3.tgz",
      "integrity": "sha1-bGGeT5xgMIw4UZSYwU+7EKrOuwY=",
      "requires": {
        "depd": "~1.1.2",
        "inherits": "2.0.4",
        "setprototypeof": "1.1.1",
        "statuses": ">= 1.5.0 < 2",
        "toidentifier": "1.0.0"
      }
    },
    "iconv-lite": {
      "version": "0.4.24",
      "resolved": "https://npm.corp.kuaishou.com/iconv-lite/-/iconv-lite-0.4.24.tgz",
      "integrity": "sha1-ICK0sl+93CHS9SSXSkdKr+czkIs=",
      "requires": {
        "safer-buffer": ">= 2.1.2 < 3"
      }
    },
    "inflation": {
      "version": "2.0.0",
      "resolved": "https://npm.corp.kuaishou.com/inflation/-/inflation-2.0.0.tgz",
      "integrity": "sha1-i0F+R8KPklpFEz2RTKH9OJEH8w8="
    },
    "inherits": {
      "version": "2.0.4",
      "resolved": "https://npm.corp.kuaishou.com/inherits/-/inherits-2.0.4.tgz",
      "integrity": "sha1-D6LGT5MpF8NDOg3tVTY6rjdBa3w="
    },
    "is-generator-function": {
      "version": "1.0.10",
      "resolved": "https://npm.corp.kuaishou.com/is-generator-function/-/is-generator-function-1.0.10.tgz",
      "integrity": "sha1-8VWLrxrBfg3up8BBXEODUf8rPHI=",
      "requires": {
        "has-tostringtag": "^1.0.0"
      }
    },
    "keygrip": {
      "version": "1.1.0",
      "resolved": "https://npm.corp.kuaishou.com/keygrip/-/keygrip-1.1.0.tgz",
      "integrity": "sha1-hxsWgdXhWcYqRFsMdLYV4JF+ciY=",
      "requires": {
        "tsscmp": "1.0.6"
      }
    },
    "koa": {
      "version": "2.13.4",
      "resolved": "https://npm.corp.kuaishou.com/koa/-/koa-2.13.4.tgz",
      "integrity": "sha1-7lsMs54LgGnDjRFROcd0gz0yRi4=",
      "requires": {
        "accepts": "^1.3.5",
        "cache-content-type": "^1.0.0",
        "content-disposition": "~0.5.2",
        "content-type": "^1.0.4",
        "cookies": "~0.8.0",
        "debug": "^4.3.2",
        "delegates": "^1.0.0",
        "depd": "^2.0.0",
        "destroy": "^1.0.4",
        "encodeurl": "^1.0.2",
        "escape-html": "^1.0.3",
        "fresh": "~0.5.2",
        "http-assert": "^1.3.0",
        "http-errors": "^1.6.3",
        "is-generator-function": "^1.0.7",
        "koa-compose": "^4.1.0",
        "koa-convert": "^2.0.0",
        "on-finished": "^2.3.0",
        "only": "~0.0.2",
        "parseurl": "^1.3.2",
        "statuses": "^1.5.0",
        "type-is": "^1.6.16",
        "vary": "^1.1.2"
      },
      "dependencies": {
        "depd": {
          "version": "2.0.0",
          "resolved": "https://npm.corp.kuaishou.com/depd/-/depd-2.0.0.tgz",
          "integrity": "sha1-tpYWPMdXVg0JzyLMj60Vcbeedt8="
        }
      }
    },
    "koa-bodyparser": {
      "version": "4.3.0",
      "resolved": "https://npm.corp.kuaishou.com/koa-bodyparser/-/koa-bodyparser-4.3.0.tgz",
      "integrity": "sha1-J0x3hVX/SPoiHufzap+9us4idZo=",
      "requires": {
        "co-body": "^6.0.0",
        "copy-to": "^2.0.1"
      }
    },
    "koa-compose": {
      "version": "4.1.0",
      "resolved": "https://npm.corp.kuaishou.com/koa-compose/-/koa-compose-4.1.0.tgz",
      "integrity": "sha1-UHMGuTcZAdtBEhyBLpI9DWfT6Hc="
    },
    "koa-convert": {
      "version": "2.0.0",
      "resolved": "https://npm.corp.kuaishou.com/koa-convert/-/koa-convert-2.0.0.tgz",
      "integrity": "sha1-hqDETYHUBVG64i/uZwmQRXPupPU=",
      "requires": {
        "co": "^4.6.0",
        "koa-compose": "^4.1.0"
      }
    },
    "lodash.sortby": {
      "version": "4.7.0",
      "resolved": "https://npm.corp.kuaishou.com/lodash.sortby/-/lodash.sortby-4.7.0.tgz",
      "integrity": "sha1-7dFMgk4sycHgsKG0K7UhBRakJDg="
    },
    "loglevel": {
      "version": "1.7.1",
      "resolved": "https://npm.corp.kuaishou.com/loglevel/-/loglevel-1.7.1.tgz",
      "integrity": "sha1-AF/eL15uRwaPk1/yhXPhJe9y8Zc="
    },
    "long": {
      "version": "4.0.0",
      "resolved": "https://npm.corp.kuaishou.com/long/-/long-4.0.0.tgz",
      "integrity": "sha1-mntxz7fTYaGU6lVSQckvdGjVvyg="
    },
    "lru-cache": {
      "version": "6.0.0",
      "resolved": "https://npm.corp.kuaishou.com/lru-cache/-/lru-cache-6.0.0.tgz",
      "integrity": "sha1-bW/mVw69lqr5D8rR2vo7JWbbOpQ=",
      "requires": {
        "yallist": "^4.0.0"
      }
    },
    "media-typer": {
      "version": "0.3.0",
      "resolved": "https://npm.corp.kuaishou.com/media-typer/-/media-typer-0.3.0.tgz",
      "integrity": "sha1-hxDXrwqmJvj/+hzgAWhUUmMlV0g="
    },
    "mime-db": {
      "version": "1.50.0",
      "resolved": "https://npm.corp.kuaishou.com/mime-db/-/mime-db-1.50.0.tgz",
      "integrity": "sha1-q9SslOmNPA4YUBbGerRdX95AwR8="
    },
    "mime-types": {
      "version": "2.1.33",
      "resolved": "https://npm.corp.kuaishou.com/mime-types/-/mime-types-2.1.33.tgz",
      "integrity": "sha1-H6EqkERy+v0GjkjZ6EAfdNP3Dts=",
      "requires": {
        "mime-db": "1.50.0"
      }
    },
    "ms": {
      "version": "2.1.2",
      "resolved": "https://npm.corp.kuaishou.com/ms/-/ms-2.1.2.tgz",
      "integrity": "sha1-0J0fNXtEP0kzgqjrPM0YOHKuYAk="
    },
    "negotiator": {
      "version": "0.6.2",
      "resolved": "https://npm.corp.kuaishou.com/negotiator/-/negotiator-0.6.2.tgz",
      "integrity": "sha1-/qz3zPUlp3rpY0Q2pkiD/+yjRvs="
    },
    "node-fetch": {
      "version": "2.6.6",
      "resolved": "https://npm.corp.kuaishou.com/node-fetch/-/node-fetch-2.6.6.tgz",
      "integrity": "sha1-F1GnwBg06OFpd1hzLp77burfr4k=",
      "requires": {
        "whatwg-url": "^5.0.0"
      }
    },
    "object-inspect": {
      "version": "1.11.0",
      "resolved": "https://npm.corp.kuaishou.com/object-inspect/-/object-inspect-1.11.0.tgz",
      "integrity": "sha1-nc6xRs7dQUig2eUauI00z1CZIrE="
    },
    "on-finished": {
      "version": "2.3.0",
      "resolved": "https://npm.corp.kuaishou.com/on-finished/-/on-finished-2.3.0.tgz",
      "integrity": "sha1-IPEzZIGwg811M3mSoWlxqi2QaUc=",
      "requires": {
        "ee-first": "1.1.1"
      }
    },
    "only": {
      "version": "0.0.2",
      "resolved": "https://npm.corp.kuaishou.com/only/-/only-0.0.2.tgz",
      "integrity": "sha1-Kv3oTQPlC5qO3EROMGEKcCle37Q="
    },
    "parseurl": {
      "version": "1.3.3",
      "resolved": "https://npm.corp.kuaishou.com/parseurl/-/parseurl-1.3.3.tgz",
      "integrity": "sha1-naGee+6NEt/wUT7Vt2lXeTvC6NQ="
    },
    "qs": {
      "version": "6.10.1",
      "resolved": "https://npm.corp.kuaishou.com/qs/-/qs-6.10.1.tgz",
      "integrity": "sha1-STFIL6jWR6Wqt5nFJx0hM7mB+2o=",
      "requires": {
        "side-channel": "^1.0.4"
      }
    },
    "raw-body": {
      "version": "2.4.1",
      "resolved": "https://npm.corp.kuaishou.com/raw-body/-/raw-body-2.4.1.tgz",
      "integrity": "sha1-MKyC+Yu1rowVLmcUnayNVRU7Fow=",
      "requires": {
        "bytes": "3.1.0",
        "http-errors": "1.7.3",
        "iconv-lite": "0.4.24",
        "unpipe": "1.0.0"
      }
    },
    "retry": {
      "version": "0.13.1",
      "resolved": "https://npm.corp.kuaishou.com/retry/-/retry-0.13.1.tgz",
      "integrity": "sha1-GFsVh6z2eRnWOzVzSeA1N7JIRlg="
    },
    "safe-buffer": {
      "version": "5.2.1",
      "resolved": "https://npm.corp.kuaishou.com/safe-buffer/-/safe-buffer-5.2.1.tgz",
      "integrity": "sha1-Hq+fqb2x/dTsdfWPnNtOa3gn7sY="
    },
    "safer-buffer": {
      "version": "2.1.2",
      "resolved": "https://npm.corp.kuaishou.com/safer-buffer/-/safer-buffer-2.1.2.tgz",
      "integrity": "sha1-RPoWGwGHuVSd2Eu5GAL5vYOFzWo="
    },
    "setprototypeof": {
      "version": "1.1.1",
      "resolved": "https://npm.corp.kuaishou.com/setprototypeof/-/setprototypeof-1.1.1.tgz",
      "integrity": "sha1-fpWsskqpL1iF4KvvW6ExMw1K5oM="
    },
    "sha.js": {
      "version": "2.4.11",
      "resolved": "https://npm.corp.kuaishou.com/sha.js/-/sha.js-2.4.11.tgz",
      "integrity": "sha1-N6XPC4HsvGlD3hCbopYNGyZYSuc=",
      "requires": {
        "inherits": "^2.0.1",
        "safe-buffer": "^5.0.1"
      }
    },
    "side-channel": {
      "version": "1.0.4",
      "resolved": "https://npm.corp.kuaishou.com/side-channel/-/side-channel-1.0.4.tgz",
      "integrity": "sha1-785cj9wQTudRslxY1CkAEfpeos8=",
      "requires": {
        "call-bind": "^1.0.0",
        "get-intrinsic": "^1.0.2",
        "object-inspect": "^1.9.0"
      }
    },
    "statuses": {
      "version": "1.5.0",
      "resolved": "https://npm.corp.kuaishou.com/statuses/-/statuses-1.5.0.tgz",
      "integrity": "sha1-Fhx9rBd2Wf2YEfQ3cfqZOBR4Yow="
    },
    "toidentifier": {
      "version": "1.0.0",
      "resolved": "https://npm.corp.kuaishou.com/toidentifier/-/toidentifier-1.0.0.tgz",
      "integrity": "sha1-fhvjRw8ed5SLxD2Uo8j013UrpVM="
    },
    "tr46": {
      "version": "0.0.3",
      "resolved": "https://npm.corp.kuaishou.com/tr46/-/tr46-0.0.3.tgz",
      "integrity": "sha1-gYT9NH2snNwYWZLzpmIuFLnZq2o="
    },
    "tslib": {
      "version": "2.3.1",
      "resolved": "https://npm.corp.kuaishou.com/tslib/-/tslib-2.3.1.tgz",
      "integrity": "sha1-6KM1rdXOrlGqJh0ypJAVjvBC7wE="
    },
    "tsscmp": {
      "version": "1.0.6",
      "resolved": "https://npm.corp.kuaishou.com/tsscmp/-/tsscmp-1.0.6.tgz",
      "integrity": "sha1-hbmVg6w1iexL/vgltQAKqRHWBes="
    },
    "type-is": {
      "version": "1.6.18",
      "resolved": "https://npm.corp.kuaishou.com/type-is/-/type-is-1.6.18.tgz",
      "integrity": "sha1-TlUs0F3wlGfcvE73Od6J8s83wTE=",
      "requires": {
        "media-typer": "0.3.0",
        "mime-types": "~2.1.24"
      }
    },
    "unpipe": {
      "version": "1.0.0",
      "resolved": "https://npm.corp.kuaishou.com/unpipe/-/unpipe-1.0.0.tgz",
      "integrity": "sha1-sr9O6FFKrmFltIF4KdIbLvSZBOw="
    },
    "uuid": {
      "version": "8.3.2",
      "resolved": "https://npm.corp.kuaishou.com/uuid/-/uuid-8.3.2.tgz",
      "integrity": "sha1-gNW1ztJxu5r2xEXyGhoExgbO++I="
    },
    "value-or-promise": {
      "version": "1.0.11",
      "resolved": "https://npm.corp.kuaishou.com/value-or-promise/-/value-or-promise-1.0.11.tgz",
      "integrity": "sha1-PpApmvMd0BT+hD/jCc76fB2UsUA="
    },
    "vary": {
      "version": "1.1.2",
      "resolved": "https://npm.corp.kuaishou.com/vary/-/vary-1.1.2.tgz",
      "integrity": "sha1-IpnwLG3tMNSllhsLn3RSShj2NPw="
    },
    "webidl-conversions": {
      "version": "3.0.1",
      "resolved": "https://npm.corp.kuaishou.com/webidl-conversions/-/webidl-conversions-3.0.1.tgz",
      "integrity": "sha1-JFNCdeKnvGvnvIZhHMFq4KVlSHE="
    },
    "whatwg-url": {
      "version": "5.0.0",
      "resolved": "https://npm.corp.kuaishou.com/whatwg-url/-/whatwg-url-5.0.0.tgz",
      "integrity": "sha1-lmRU6HZUYuN2RNNib2dCzotwll0=",
      "requires": {
        "tr46": "~0.0.3",
        "webidl-conversions": "^3.0.0"
      }
    },
    "xss": {
      "version": "1.0.10",
      "resolved": "https://npm.corp.kuaishou.com/xss/-/xss-1.0.10.tgz",
      "integrity": "sha1-XNY6mxR6dVoUywRVx9uIZhIOtNI=",
      "requires": {
        "commander": "^2.20.3",
        "cssfilter": "0.0.10"
      }
    },
    "yallist": {
      "version": "4.0.0",
      "resolved": "https://npm.corp.kuaishou.com/yallist/-/yallist-4.0.0.tgz",
      "integrity": "sha1-m7knkNnA7/7GO+c1GeEaNQGaOnI="
    },
    "ylru": {
      "version": "1.2.1",
      "resolved": "https://npm.corp.kuaishou.com/ylru/-/ylru-1.2.1.tgz",
      "integrity": "sha1-9Xa2M0FUeYnB3nuiiHYJI7J/6E8="
    }
  }
}
